bitbucket.org/creachadair/shell v0.0.4 h1:pQaJRbIWVEQKoNI7rGMRlLk1vu6RaPR6I5huNBoDEVw=
bitbucket.org/creachadair/shell v0.0.4/go.mod h1:ysdp8K5OqvK7lJI3ZNP0I7prXD4kWyDWxozmc04IFpE=
bitbucket.org/creachadair/tarsnap v0.0.0-20181223010614-0088b5e40a00 h1:t8zs8n3HpKKeYnkIqB/NsR7iLDnXDiL7YbaJwKdYcAI=
bitbucket.org/creachadair/tarsnap v0.0.0-20181223010614-0088b5e40a00/go.mod h1:YLCL5rcpJl0dYIujaKuA6VwmSv0zaPgDM/kTCxvVifo=
