bitbucket.org/creachadair/shell v0.0.6 h1:reJflDbKqnlnqb4Oo2pQ1/BqmY/eCWcNGHrIUO8qIzc=
bitbucket.org/creachadair/shell v0.0.6/go.mod h1:8Qqi/cYk7vPnsOePHroKXDJYmb5x7ENhtiFtfZq8K+M=
bitbucket.org/creachadair/stringset v0.0.8 h1:gQqe4vs8XWgMyijfyKE6K8o4TcyGGrRXe0JvHgx5H+M=
bitbucket.org/creachadair/stringset v0.0.8/go.mod h1:AgthVMyMxC/6FK1KBJ2ALdqkZObGN8hOetgpwXyMn34=
github.com/BurntSushi/toml v0.3.1/go.mod h1:xHWCNGjB5oqiDr8zfno3MHue2Ht5sIBksp03qcyfWMU=
github.com/creachadair/atomicfile v0.2.0 h1:ZtLG+eU5gQwStcLwuq5WZRmzlxNuJhFIxsEjxsFdqrQ=
github.com/creachadair/atomicfile v0.2.0/go.mod h1:Tvr/wsb3lQY4dj+9utcmJ7Gp6wi3LKA8jRNqoxUhA2M=
github.com/creachadair/staticfile v0.1.2/go.mod h1:a3qySzCIXEprDGxk6tSxSI+dBBdLzqeBOMhZ+o2d3pM=
github.com/creachadair/staticfile v0.1.3 h1:RhyrMgi7IQn3GejgmGtFuCec58vboEMt5CH6N3ulRJk=
github.com/creachadair/staticfile v0.1.3/go.mod h1:a3qySzCIXEprDGxk6tSxSI+dBBdLzqeBOMhZ+o2d3pM=
github.com/creachadair/tarsnap v0.1.2 h1:MhTXnF+CsdGDseHopR7MQubTU6djN4REtDlyAHtc0Wo=
github.com/creachadair/tarsnap v0.1.2/go.mod h1:pJgzPZm2YBv6HHPiU5+IF+vnnPgaI4YlmiWc4GGYm4Y=
github.com/google/go-cmp v0.3.1 h1:Xye71clBPdm5HgqGwUkwhbynsUJZhDbS20FvLhQ2izg=
github.com/google/go-cmp v0.3.1/go.mod h1:8QqcDgzrUqlUb/G2PQTWiueGozuR1884gddMywk6iLU=
github.com/kr/pretty v0.1.0 h1:L/CwN0zerZDmRFUapSPitk6f+Q3+0za1rQkzVuMiMFI=
github.com/kr/pretty v0.1.0/go.mod h1:dAy3ld7l9f0ibDNOQOHHMYYIIbhfbHSm3C4ZsoJORNo=
github.com/kr/pty v1.1.1/go.mod h1:pFQYn66WHrOpPYNljwOMqo10TkYh1fy3cYio2l3bCsQ=
github.com/kr/text v0.1.0 h1:45sCR5RtlFHMR4UwH9sdQ5TC8v0qDQCHnXt+kaKSTVE=
github.com/kr/text v0.1.0/go.mod h1:4Jbv+DJW3UT/LiOwJeYQe1efqtUx/iVham/4vfdArNI=
gopkg.in/check.v1 v0.0.0-20161208181325-20d25e280405/go.mod h1:Co6ibVJAznAaIkqp8huTwlJQCZ016jof/cbN4VW5Yz0=
gopkg.in/check.v1 v1.0.0-20190902080502-41f04d3bba15 h1:YR8cESwS4TdDjEe65xsg0ogRM/Nc3DYOhEAlW+xobZo=
gopkg.in/check.v1 v1.0.0-20190902080502-41f04d3bba15/go.mod h1:Co6ibVJAznAaIkqp8huTwlJQCZ016jof/cbN4VW5Yz0=
gopkg.in/yaml.v3 v3.0.0-20191120175047-4206685974f2 h1:XZx7nhd5GMaZpmDaEHFVafUZC7ya0fuo7cSJ3UCKYmM=
gopkg.in/yaml.v3 v3.0.0-20191120175047-4206685974f2/go.mod h1:K4uyk7z7BCEPqu6E+C64Yfv1cQ7kz7rIZviUmN+EgEM=
